// !$*UTF8*$!
{
	archiveVersion = 1;
	classes = {
	};
	objectVersion = 56;
	objects = {

/* Begin PBXBuildFile section */
		4D708FCA2AE7A066006D2085 /* BetterHour.swift in Sources */ = {isa = PBXBuildFile; fileRef = 4D708FC92AE7A066006D2085 /* BetterHour.swift */; };
		4D708FCC2AE7A117006D2085 /* EventIdenty.swift in Sources */ = {isa = PBXBuildFile; fileRef = 4D708FCB2AE7A117006D2085 /* EventIdenty.swift */; };
		5EECC18F0BEA2639AC0561C8 /* Pods_BetterHours.framework in Frameworks */ = {isa = PBXBuildFile; fileRef = F808F0C555B20686F0DFC0C6 /* Pods_BetterHours.framework */; };
		724ADDD42AA087B10032E61F /* SettingsView.swift in Sources */ = {isa = PBXBuildFile; fileRef = 724ADDD32AA087B10032E61F /* SettingsView.swift */; };
		724ADDD72AA08E510032E61F /* Colors+Extensions.swift in Sources */ = {isa = PBXBuildFile; fileRef = 724ADDD62AA08E510032E61F /* Colors+Extensions.swift */; };
		72911D302AA03D1E0090FE60 /* BetterHoursApp.swift in Sources */ = {isa = PBXBuildFile; fileRef = 72911D2F2AA03D1E0090FE60 /* BetterHoursApp.swift */; };
		72911D342AA03D1F0090FE60 /* Assets.xcassets in Resources */ = {isa = PBXBuildFile; fileRef = 72911D332AA03D1F0090FE60 /* Assets.xcassets */; };
		72911D372AA03D1F0090FE60 /* Preview Assets.xcassets in Resources */ = {isa = PBXBuildFile; fileRef = 72911D362AA03D1F0090FE60 /* Preview Assets.xcassets */; };
		72911D402AA05F1E0090FE60 /* DailyEventView.swift in Sources */ = {isa = PBXBuildFile; fileRef = 72911D3F2AA05F1E0090FE60 /* DailyEventView.swift */; };
		72911D422AA064A00090FE60 /* TimeEventView.swift in Sources */ = {isa = PBXBuildFile; fileRef = 72911D412AA064A00090FE60 /* TimeEventView.swift */; };
		72911D442AA071980090FE60 /* EventPickerView.swift in Sources */ = {isa = PBXBuildFile; fileRef = 72911D432AA071980090FE60 /* EventPickerView.swift */; };
		72911D482AA077060090FE60 /* Category.swift in Sources */ = {isa = PBXBuildFile; fileRef = 72911D472AA077060090FE60 /* Category.swift */; };
		72911D4A2AA07AB50090FE60 /* Event.swift in Sources */ = {isa = PBXBuildFile; fileRef = 72911D492AA07AB50090FE60 /* Event.swift */; };
		72C03B312AEF75A0003BDFD1 /* Date+Extensions.swift in Sources */ = {isa = PBXBuildFile; fileRef = 72C03B302AEF75A0003BDFD1 /* Date+Extensions.swift */; };
/* End PBXBuildFile section */

/* Begin PBXFileReference section */
		30AC3B442185814113464549 /* Pods-BetterHours.release.xcconfig */ = {isa = PBXFileReference; includeInIndex = 1; lastKnownFileType = text.xcconfig; name = "Pods-BetterHours.release.xcconfig"; path = "Target Support Files/Pods-BetterHours/Pods-BetterHours.release.xcconfig"; sourceTree = "<group>"; };
		4D708FC92AE7A066006D2085 /* BetterHour.swift */ = {isa = PBXFileReference; lastKnownFileType = sourcecode.swift; path = BetterHour.swift; sourceTree = "<group>"; };
		4D708FCB2AE7A117006D2085 /* EventIdenty.swift */ = {isa = PBXFileReference; lastKnownFileType = sourcecode.swift; path = EventIdenty.swift; sourceTree = "<group>"; };
		724ADDD32AA087B10032E61F /* SettingsView.swift */ = {isa = PBXFileReference; lastKnownFileType = sourcecode.swift; path = SettingsView.swift; sourceTree = "<group>"; };
		724ADDD62AA08E510032E61F /* Colors+Extensions.swift */ = {isa = PBXFileReference; lastKnownFileType = sourcecode.swift; path = "Colors+Extensions.swift"; sourceTree = "<group>"; };
		72911D2C2AA03D1E0090FE60 /* BetterHours.app */ = {isa = PBXFileReference; explicitFileType = wrapper.application; includeInIndex = 0; path = BetterHours.app; sourceTree = BUILT_PRODUCTS_DIR; };
		72911D2F2AA03D1E0090FE60 /* BetterHoursApp.swift */ = {isa = PBXFileReference; lastKnownFileType = sourcecode.swift; path = BetterHoursApp.swift; sourceTree = "<group>"; };
		72911D332AA03D1F0090FE60 /* Assets.xcassets */ = {isa = PBXFileReference; lastKnownFileType = folder.assetcatalog; path = Assets.xcassets; sourceTree = "<group>"; };
		72911D362AA03D1F0090FE60 /* Preview Assets.xcassets */ = {isa = PBXFileReference; lastKnownFileType = folder.assetcatalog; path = "Preview Assets.xcassets"; sourceTree = "<group>"; };
		72911D3F2AA05F1E0090FE60 /* DailyEventView.swift */ = {isa = PBXFileReference; lastKnownFileType = sourcecode.swift; path = DailyEventView.swift; sourceTree = "<group>"; };
		72911D412AA064A00090FE60 /* TimeEventView.swift */ = {isa = PBXFileReference; lastKnownFileType = sourcecode.swift; path = TimeEventView.swift; sourceTree = "<group>"; };
		72911D432AA071980090FE60 /* EventPickerView.swift */ = {isa = PBXFileReference; lastKnownFileType = sourcecode.swift; path = EventPickerView.swift; sourceTree = "<group>"; };
		72911D472AA077060090FE60 /* Category.swift */ = {isa = PBXFileReference; lastKnownFileType = sourcecode.swift; path = Category.swift; sourceTree = "<group>"; };
		72911D492AA07AB50090FE60 /* Event.swift */ = {isa = PBXFileReference; lastKnownFileType = sourcecode.swift; path = Event.swift; sourceTree = "<group>"; };
		72C03B302AEF75A0003BDFD1 /* Date+Extensions.swift */ = {isa = PBXFileReference; lastKnownFileType = sourcecode.swift; path = "Date+Extensions.swift"; sourceTree = "<group>"; };
		836D024EB16D1788537EA87E /* Pods-BetterHours.debug.xcconfig */ = {isa = PBXFileReference; includeInIndex = 1; lastKnownFileType = text.xcconfig; name = "Pods-BetterHours.debug.xcconfig"; path = "Target Support Files/Pods-BetterHours/Pods-BetterHours.debug.xcconfig"; sourceTree = "<group>"; };
		F808F0C555B20686F0DFC0C6 /* Pods_BetterHours.framework */ = {isa = PBXFileReference; explicitFileType = wrapper.framework; includeInIndex = 0; path = Pods_BetterHours.framework; sourceTree = BUILT_PRODUCTS_DIR; };
/* End PBXFileReference section */

/* Begin PBXFrameworksBuildPhase section */
		72911D292AA03D1E0090FE60 /* Frameworks */ = {
			isa = PBXFrameworksBuildPhase;
			buildActionMask = 2147483647;
			files = (
				5EECC18F0BEA2639AC0561C8 /* Pods_BetterHours.framework in Frameworks */,
			);
			runOnlyForDeploymentPostprocessing = 0;
		};
/* End PBXFrameworksBuildPhase section */

/* Begin PBXGroup section */
		724ADDD52AA08E370032E61F /* Utils */ = {
			isa = PBXGroup;
			children = (
				724ADDD62AA08E510032E61F /* Colors+Extensions.swift */,
				72C03B302AEF75A0003BDFD1 /* Date+Extensions.swift */,
			);
			path = Utils;
			sourceTree = "<group>";
		};
		72911D232AA03D1E0090FE60 = {
			isa = PBXGroup;
			children = (
				72911D2E2AA03D1E0090FE60 /* BetterHours */,
				72911D2D2AA03D1E0090FE60 /* Products */,
				CD8A21DFDF44C5D5F437D6E9 /* Pods */,
				C325C3F6A35622E5B5D62D4B /* Frameworks */,
			);
			sourceTree = "<group>";
		};
		72911D2D2AA03D1E0090FE60 /* Products */ = {
			isa = PBXGroup;
			children = (
				72911D2C2AA03D1E0090FE60 /* BetterHours.app */,
			);
			name = Products;
			sourceTree = "<group>";
		};
		72911D2E2AA03D1E0090FE60 /* BetterHours */ = {
			isa = PBXGroup;
			children = (
				724ADDD52AA08E370032E61F /* Utils */,
				72911D3D2AA05E560090FE60 /* Views */,
				72911D3E2AA05E690090FE60 /* Models */,
				72911D2F2AA03D1E0090FE60 /* BetterHoursApp.swift */,
				72911D332AA03D1F0090FE60 /* Assets.xcassets */,
				72911D352AA03D1F0090FE60 /* Preview Content */,
			);
			path = BetterHours;
			sourceTree = "<group>";
		};
		72911D352AA03D1F0090FE60 /* Preview Content */ = {
			isa = PBXGroup;
			children = (
				72911D362AA03D1F0090FE60 /* Preview Assets.xcassets */,
			);
			path = "Preview Content";
			sourceTree = "<group>";
		};
		72911D3D2AA05E560090FE60 /* Views */ = {
			isa = PBXGroup;
			children = (
				72911D3F2AA05F1E0090FE60 /* DailyEventView.swift */,
				72911D412AA064A00090FE60 /* TimeEventView.swift */,
				72911D432AA071980090FE60 /* EventPickerView.swift */,
				724ADDD32AA087B10032E61F /* SettingsView.swift */,
			);
			path = Views;
			sourceTree = "<group>";
		};
		72911D3E2AA05E690090FE60 /* Models */ = {
			isa = PBXGroup;
			children = (
				72911D472AA077060090FE60 /* Category.swift */,
				72911D492AA07AB50090FE60 /* Event.swift */,
				4D708FC92AE7A066006D2085 /* BetterHour.swift */,
				4D708FCB2AE7A117006D2085 /* EventIdenty.swift */,
			);
			path = Models;
			sourceTree = "<group>";
		};
		C325C3F6A35622E5B5D62D4B /* Frameworks */ = {
			isa = PBXGroup;
			children = (
				F808F0C555B20686F0DFC0C6 /* Pods_BetterHours.framework */,
			);
			name = Frameworks;
			sourceTree = "<group>";
		};
		CD8A21DFDF44C5D5F437D6E9 /* Pods */ = {
			isa = PBXGroup;
			children = (
				836D024EB16D1788537EA87E /* Pods-BetterHours.debug.xcconfig */,
				30AC3B442185814113464549 /* Pods-BetterHours.release.xcconfig */,
			);
			path = Pods;
			sourceTree = "<group>";
		};
/* End PBXGroup section */

/* Begin PBXNativeTarget section */
		72911D2B2AA03D1E0090FE60 /* BetterHours */ = {
			isa = PBXNativeTarget;
			buildConfigurationList = 72911D3A2AA03D1F0090FE60 /* Build configuration list for PBXNativeTarget "BetterHours" */;
			buildPhases = (
				9D33DDD19B50F157C26ABCF7 /* [CP] Check Pods Manifest.lock */,
				72911D282AA03D1E0090FE60 /* Sources */,
				72911D292AA03D1E0090FE60 /* Frameworks */,
				72911D2A2AA03D1E0090FE60 /* Resources */,
				E7E332BAC897D52C00EC7EDC /* [CP] Embed Pods Frameworks */,
			);
			buildRules = (
			);
			dependencies = (
			);
			name = BetterHours;
			productName = BetterHours;
			productReference = 72911D2C2AA03D1E0090FE60 /* BetterHours.app */;
			productType = "com.apple.product-type.application";
		};
/* End PBXNativeTarget section */

/* Begin PBXProject section */
		72911D242AA03D1E0090FE60 /* Project object */ = {
			isa = PBXProject;
			attributes = {
				BuildIndependentTargetsInParallel = 1;
				LastSwiftUpdateCheck = 1500;
				LastUpgradeCheck = 1500;
				TargetAttributes = {
					72911D2B2AA03D1E0090FE60 = {
						CreatedOnToolsVersion = 15.0;
					};
				};
			};
			buildConfigurationList = 72911D272AA03D1E0090FE60 /* Build configuration list for PBXProject "BetterHours" */;
			compatibilityVersion = "Xcode 14.0";
			developmentRegion = en;
			hasScannedForEncodings = 0;
			knownRegions = (
				en,
				Base,
			);
			mainGroup = 72911D232AA03D1E0090FE60;
			productRefGroup = 72911D2D2AA03D1E0090FE60 /* Products */;
			projectDirPath = "";
			projectRoot = "";
			targets = (
				72911D2B2AA03D1E0090FE60 /* BetterHours */,
			);
		};
/* End PBXProject section */

/* Begin PBXResourcesBuildPhase section */
		72911D2A2AA03D1E0090FE60 /* Resources */ = {
			isa = PBXResourcesBuildPhase;
			buildActionMask = 2147483647;
			files = (
				72911D372AA03D1F0090FE60 /* Preview Assets.xcassets in Resources */,
				72911D342AA03D1F0090FE60 /* Assets.xcassets in Resources */,
			);
			runOnlyForDeploymentPostprocessing = 0;
		};
/* End PBXResourcesBuildPhase section */

/* Begin PBXShellScriptBuildPhase section */
		9D33DDD19B50F157C26ABCF7 /* [CP] Check Pods Manifest.lock */ = {
			isa = PBXShellScriptBuildPhase;
			buildActionMask = 2147483647;
			files = (
			);
			inputFileListPaths = (
			);
			inputPaths = (
				"${PODS_PODFILE_DIR_PATH}/Podfile.lock",
				"${PODS_ROOT}/Manifest.lock",
			);
			name = "[CP] Check Pods Manifest.lock";
			outputFileListPaths = (
			);
			outputPaths = (
				"$(DERIVED_FILE_DIR)/Pods-BetterHours-checkManifestLockResult.txt",
			);
			runOnlyForDeploymentPostprocessing = 0;
			shellPath = /bin/sh;
			shellScript = "diff \"${PODS_PODFILE_DIR_PATH}/Podfile.lock\" \"${PODS_ROOT}/Manifest.lock\" > /dev/null\nif [ $? != 0 ] ; then\n    # print error to STDERR\n    echo \"error: The sandbox is not in sync with the Podfile.lock. Run 'pod install' or update your CocoaPods installation.\" >&2\n    exit 1\nfi\n# This output is used by Xcode 'outputs' to avoid re-running this script phase.\necho \"SUCCESS\" > \"${SCRIPT_OUTPUT_FILE_0}\"\n";
			showEnvVarsInLog = 0;
		};
		E7E332BAC897D52C00EC7EDC /* [CP] Embed Pods Frameworks */ = {
			isa = PBXShellScriptBuildPhase;
			buildActionMask = 2147483647;
			files = (
			);
			inputFileListPaths = (
				"${PODS_ROOT}/Target Support Files/Pods-BetterHours/Pods-BetterHours-frameworks-${CONFIGURATION}-input-files.xcfilelist",
			);
			name = "[CP] Embed Pods Frameworks";
			outputFileListPaths = (
				"${PODS_ROOT}/Target Support Files/Pods-BetterHours/Pods-BetterHours-frameworks-${CONFIGURATION}-output-files.xcfilelist",
			);
			runOnlyForDeploymentPostprocessing = 0;
			shellPath = /bin/sh;
			shellScript = "\"${PODS_ROOT}/Target Support Files/Pods-BetterHours/Pods-BetterHours-frameworks.sh\"\n";
			showEnvVarsInLog = 0;
		};
/* End PBXShellScriptBuildPhase section */

/* Begin PBXSourcesBuildPhase section */
		72911D282AA03D1E0090FE60 /* Sources */ = {
			isa = PBXSourcesBuildPhase;
			buildActionMask = 2147483647;
			files = (
				724ADDD72AA08E510032E61F /* Colors+Extensions.swift in Sources */,
				72C03B312AEF75A0003BDFD1 /* Date+Extensions.swift in Sources */,
				72911D302AA03D1E0090FE60 /* BetterHoursApp.swift in Sources */,
				724ADDD42AA087B10032E61F /* SettingsView.swift in Sources */,
				4D708FCA2AE7A066006D2085 /* BetterHour.swift in Sources */,
				4D708FCC2AE7A117006D2085 /* EventIdenty.swift in Sources */,
				72911D402AA05F1E0090FE60 /* DailyEventView.swift in Sources */,
				72911D422AA064A00090FE60 /* TimeEventView.swift in Sources */,
				72911D442AA071980090FE60 /* EventPickerView.swift in Sources */,
				72911D482AA077060090FE60 /* Category.swift in Sources */,
				72911D4A2AA07AB50090FE60 /* Event.swift in Sources */,
			);
			runOnlyForDeploymentPostprocessing = 0;
		};
/* End PBXSourcesBuildPhase section */

/* Begin XCBuildConfiguration section */
		72911D382AA03D1F0090FE60 /* Debug */ = {
			isa = XCBuildConfiguration;
			buildSettings = {
				ALWAYS_SEARCH_USER_PATHS = NO;
				ASSETCATALOG_COMPILER_GENERATE_SWIFT_ASSET_SYMBOL_EXTENSIONS = YES;
				CLANG_ANALYZER_NONNULL = YES;
				CLANG_ANALYZER_NUMBER_OBJECT_CONVERSION = YES_AGGRESSIVE;
				CLANG_CXX_LANGUAGE_STANDARD = "gnu++20";
				CLANG_ENABLE_MODULES = YES;
				CLANG_ENABLE_OBJC_ARC = YES;
				CLANG_ENABLE_OBJC_WEAK = YES;
				CLANG_WARN_BLOCK_CAPTURE_AUTORELEASING = YES;
				CLANG_WARN_BOOL_CONVERSION = YES;
				CLANG_WARN_COMMA = YES;
				CLANG_WARN_CONSTANT_CONVERSION = YES;
				CLANG_WARN_DEPRECATED_OBJC_IMPLEMENTATIONS = YES;
				CLANG_WARN_DIRECT_OBJC_ISA_USAGE = YES_ERROR;
				CLANG_WARN_DOCUMENTATION_COMMENTS = YES;
				CLANG_WARN_EMPTY_BODY = YES;
				CLANG_WARN_ENUM_CONVERSION = YES;
				CLANG_WARN_INFINITE_RECURSION = YES;
				CLANG_WARN_INT_CONVERSION = YES;
				CLANG_WARN_NON_LITERAL_NULL_CONVERSION = YES;
				CLANG_WARN_OBJC_IMPLICIT_RETAIN_SELF = YES;
				CLANG_WARN_OBJC_LITERAL_CONVERSION = YES;
				CLANG_WARN_OBJC_ROOT_CLASS = YES_ERROR;
				CLANG_WARN_QUOTED_INCLUDE_IN_FRAMEWORK_HEADER = YES;
				CLANG_WARN_RANGE_LOOP_ANALYSIS = YES;
				CLANG_WARN_STRICT_PROTOTYPES = YES;
				CLANG_WARN_SUSPICIOUS_MOVE = YES;
				CLANG_WARN_UNGUARDED_AVAILABILITY = YES_AGGRESSIVE;
				CLANG_WARN_UNREACHABLE_CODE = YES;
				CLANG_WARN__DUPLICATE_METHOD_MATCH = YES;
				COPY_PHASE_STRIP = NO;
				DEBUG_INFORMATION_FORMAT = dwarf;
				ENABLE_STRICT_OBJC_MSGSEND = YES;
				ENABLE_TESTABILITY = YES;
				ENABLE_USER_SCRIPT_SANDBOXING = YES;
				GCC_C_LANGUAGE_STANDARD = gnu17;
				GCC_DYNAMIC_NO_PIC = NO;
				GCC_NO_COMMON_BLOCKS = YES;
				GCC_OPTIMIZATION_LEVEL = 0;
				GCC_PREPROCESSOR_DEFINITIONS = (
					"DEBUG=1",
					"$(inherited)",
				);
				GCC_WARN_64_TO_32_BIT_CONVERSION = YES;
				GCC_WARN_ABOUT_RETURN_TYPE = YES_ERROR;
				GCC_WARN_UNDECLARED_SELECTOR = YES;
				GCC_WARN_UNINITIALIZED_AUTOS = YES_AGGRESSIVE;
				GCC_WARN_UNUSED_FUNCTION = YES;
				GCC_WARN_UNUSED_VARIABLE = YES;
				IPHONEOS_DEPLOYMENT_TARGET = 16.0;
				LOCALIZATION_PREFERS_STRING_CATALOGS = YES;
				MTL_ENABLE_DEBUG_INFO = INCLUDE_SOURCE;
				MTL_FAST_MATH = YES;
				ONLY_ACTIVE_ARCH = YES;
				SDKROOT = iphoneos;
				SWIFT_ACTIVE_COMPILATION_CONDITIONS = "DEBUG $(inherited)";
				SWIFT_OPTIMIZATION_LEVEL = "-Onone";
			};
			name = Debug;
		};
		72911D392AA03D1F0090FE60 /* Release */ = {
			isa = XCBuildConfiguration;
			buildSettings = {
				ALWAYS_SEARCH_USER_PATHS = NO;
				ASSETCATALOG_COMPILER_GENERATE_SWIFT_ASSET_SYMBOL_EXTENSIONS = YES;
				CLANG_ANALYZER_NONNULL = YES;
				CLANG_ANALYZER_NUMBER_OBJECT_CONVERSION = YES_AGGRESSIVE;
				CLANG_CXX_LANGUAGE_STANDARD = "gnu++20";
				CLANG_ENABLE_MODULES = YES;
				CLANG_ENABLE_OBJC_ARC = YES;
				CLANG_ENABLE_OBJC_WEAK = YES;
				CLANG_WARN_BLOCK_CAPTURE_AUTORELEASING = YES;
				CLANG_WARN_BOOL_CONVERSION = YES;
				CLANG_WARN_COMMA = YES;
				CLANG_WARN_CONSTANT_CONVERSION = YES;
				CLANG_WARN_DEPRECATED_OBJC_IMPLEMENTATIONS = YES;
				CLANG_WARN_DIRECT_OBJC_ISA_USAGE = YES_ERROR;
				CLANG_WARN_DOCUMENTATION_COMMENTS = YES;
				CLANG_WARN_EMPTY_BODY = YES;
				CLANG_WARN_ENUM_CONVERSION = YES;
				CLANG_WARN_INFINITE_RECURSION = YES;
				CLANG_WARN_INT_CONVERSION = YES;
				CLANG_WARN_NON_LITERAL_NULL_CONVERSION = YES;
				CLANG_WARN_OBJC_IMPLICIT_RETAIN_SELF = YES;
				CLANG_WARN_OBJC_LITERAL_CONVERSION = YES;
				CLANG_WARN_OBJC_ROOT_CLASS = YES_ERROR;
				CLANG_WARN_QUOTED_INCLUDE_IN_FRAMEWORK_HEADER = YES;
				CLANG_WARN_RANGE_LOOP_ANALYSIS = YES;
				CLANG_WARN_STRICT_PROTOTYPES = YES;
				CLANG_WARN_SUSPICIOUS_MOVE = YES;
				CLANG_WARN_UNGUARDED_AVAILABILITY = YES_AGGRESSIVE;
				CLANG_WARN_UNREACHABLE_CODE = YES;
				CLANG_WARN__DUPLICATE_METHOD_MATCH = YES;
				COPY_PHASE_STRIP = NO;
				DEBUG_INFORMATION_FORMAT = "dwarf-with-dsym";
				ENABLE_NS_ASSERTIONS = NO;
				ENABLE_STRICT_OBJC_MSGSEND = YES;
				ENABLE_USER_SCRIPT_SANDBOXING = YES;
				GCC_C_LANGUAGE_STANDARD = gnu17;
				GCC_NO_COMMON_BLOCKS = YES;
				GCC_WARN_64_TO_32_BIT_CONVERSION = YES;
				GCC_WARN_ABOUT_RETURN_TYPE = YES_ERROR;
				GCC_WARN_UNDECLARED_SELECTOR = YES;
				GCC_WARN_UNINITIALIZED_AUTOS = YES_AGGRESSIVE;
				GCC_WARN_UNUSED_FUNCTION = YES;
				GCC_WARN_UNUSED_VARIABLE = YES;
				IPHONEOS_DEPLOYMENT_TARGET = 16.0;
				LOCALIZATION_PREFERS_STRING_CATALOGS = YES;
				MTL_ENABLE_DEBUG_INFO = NO;
				MTL_FAST_MATH = YES;
				SDKROOT = iphoneos;
				SWIFT_COMPILATION_MODE = wholemodule;
				VALIDATE_PRODUCT = YES;
			};
			name = Release;
		};
		72911D3B2AA03D1F0090FE60 /* Debug */ = {
			isa = XCBuildConfiguration;
			baseConfigurationReference = 836D024EB16D1788537EA87E /* Pods-BetterHours.debug.xcconfig */;
			buildSettings = {
				ASSETCATALOG_COMPILER_APPICON_NAME = AppIcon;
				ASSETCATALOG_COMPILER_GLOBAL_ACCENT_COLOR_NAME = AccentColor;
				CODE_SIGN_STYLE = Automatic;
				CURRENT_PROJECT_VERSION = 1;
				DEVELOPMENT_ASSET_PATHS = "\"BetterHours/Preview Content\"";
				DEVELOPMENT_TEAM = FLH65GLJTW;
				ENABLE_PREVIEWS = YES;
				ENABLE_USER_SCRIPT_SANDBOXING = NO;
				GENERATE_INFOPLIST_FILE = YES;
				INFOPLIST_KEY_UIApplicationSceneManifest_Generation = YES;
				INFOPLIST_KEY_UIApplicationSupportsIndirectInputEvents = YES;
				INFOPLIST_KEY_UILaunchScreen_Generation = YES;
				INFOPLIST_KEY_UISupportedInterfaceOrientations_iPad = "UIInterfaceOrientationPortrait UIInterfaceOrientationPortraitUpsideDown UIInterfaceOrientationLandscapeLeft UIInterfaceOrientationLandscapeRight";
				INFOPLIST_KEY_UISupportedInterfaceOrientations_iPhone = "UIInterfaceOrientationPortrait UIInterfaceOrientationLandscapeLeft UIInterfaceOrientationLandscapeRight";
				IPHONEOS_DEPLOYMENT_TARGET = 16.0;
				LD_RUNPATH_SEARCH_PATHS = (
					"$(inherited)",
					"@executable_path/Frameworks",
				);
				MARKETING_VERSION = 1.0;
				PRODUCT_BUNDLE_IDENTIFIER = com.amebahead.BetterHours;
				PRODUCT_NAME = "$(TARGET_NAME)";
				SWIFT_EMIT_LOC_STRINGS = YES;
				SWIFT_VERSION = 5.0;
				TARGETED_DEVICE_FAMILY = "1,2";
			};
			name = Debug;
		};
		72911D3C2AA03D1F0090FE60 /* Release */ = {
			isa = XCBuildConfiguration;
			baseConfigurationReference = 30AC3B442185814113464549 /* Pods-BetterHours.release.xcconfig */;
			buildSettings = {
				ASSETCATALOG_COMPILER_APPICON_NAME = AppIcon;
				ASSETCATALOG_COMPILER_GLOBAL_ACCENT_COLOR_NAME = AccentColor;
				CODE_SIGN_STYLE = Automatic;
				CURRENT_PROJECT_VERSION = 1;
				DEVELOPMENT_ASSET_PATHS = "\"BetterHours/Preview Content\"";
				DEVELOPMENT_TEAM = FLH65GLJTW;
				ENABLE_PREVIEWS = YES;
				ENABLE_USER_SCRIPT_SANDBOXING = NO;
				GENERATE_INFOPLIST_FILE = YES;
				INFOPLIST_KEY_UIApplicationSceneManifest_Generation = YES;
				INFOPLIST_KEY_UIApplicationSupportsIndirectInputEvents = YES;
				INFOPLIST_KEY_UILaunchScreen_Generation = YES;
				INFOPLIST_KEY_UISupportedInterfaceOrientations_iPad = "UIInterfaceOrientationPortrait UIInterfaceOrientationPortraitUpsideDown UIInterfaceOrientationLandscapeLeft UIInterfaceOrientationLandscapeRight";
				INFOPLIST_KEY_UISupportedInterfaceOrientations_iPhone = "UIInterfaceOrientationPortrait UIInterfaceOrientationLandscapeLeft UIInterfaceOrientationLandscapeRight";
				IPHONEOS_DEPLOYMENT_TARGET = 16.0;
				LD_RUNPATH_SEARCH_PATHS = (
					"$(inherited)",
					"@executable_path/Frameworks",
				);
				MARKETING_VERSION = 1.0;
				PRODUCT_BUNDLE_IDENTIFIER = com.amebahead.BetterHours;
				PRODUCT_NAME = "$(TARGET_NAME)";
				SWIFT_EMIT_LOC_STRINGS = YES;
				SWIFT_VERSION = 5.0;
				TARGETED_DEVICE_FAMILY = "1,2";
			};
			name = Release;
		};
/* End XCBuildConfiguration section */

/* Begin XCConfigurationList section */
		72911D272AA03D1E0090FE60 /* Build configuration list for PBXProject "BetterHours" */ = {
			isa = XCConfigurationList;
			buildConfigurations = (
				72911D382AA03D1F0090FE60 /* Debug */,
				72911D392AA03D1F0090FE60 /* Release */,
			);
			defaultConfigurationIsVisible = 0;
			defaultConfigurationName = Release;
		};
		72911D3A2AA03D1F0090FE60 /* Build configuration list for PBXNativeTarget "BetterHours" */ = {
			isa = XCConfigurationList;
			buildConfigurations = (
				72911D3B2AA03D1F0090FE60 /* Debug */,
				72911D3C2AA03D1F0090FE60 /* Release */,
			);
			defaultConfigurationIsVisible = 0;
			defaultConfigurationName = Release;
		};
/* End XCConfigurationList section */
	};
	rootObject = 72911D242AA03D1E0090FE60 /* Project object */;
}
